<?xml version="1.0" encoding="utf-8"?>
<Project ToolsVersion="15.0" xmlns="http://schemas.microsoft.com/developer/msbuild/2003">
  <ItemGroup>
    <Filter Include="Source Files">
      <UniqueIdentifier>{4FC737F1-C7A5-4376-A066-2A32D752A2FF}</UniqueIdentifier>
      <Extensions>cpp;c;cc;cxx;def;odl;idl;hpj;bat;asm;asmx</Extensions>
    </Filter>
    <Filter Include="Header Files">
      <UniqueIdentifier>{93995380-89BD-4b04-88EB-625FBE52EBFB}</UniqueIdentifier>
      <Extensions>h;hh;hpp;hxx;hm;inl;inc;xsd</Extensions>
    </Filter>
    <Filter Include="XAML Pages">
      <UniqueIdentifier>{a1b2c3d4-e5f6-7a8b-9c0d-1e2f3a4b5c6d}</UniqueIdentifier>
    </Filter>
  </ItemGroup>
  <ItemGroup>
    <ClCompile Include="main.cpp">
      <Filter>Source Files</Filter>
    </ClCompile>
    <ClCompile Include="App.xaml.cpp">
      <Filter>Source Files</Filter>
    </ClCompile>
    <ClCompile Include="MainWindow.xaml.cpp">
      <Filter>Source Files</Filter>
    </ClCompile>
    <ClCompile Include="WelcomeWindow.xaml.cpp">
      <Filter>Source Files</Filter>
    </ClCompile>
    <ClCompile Include="SettingsWindow.xaml.cpp">
      <Filter>Source Files</Filter>
    </ClCompile>
    <ClCompile Include="RcloneBrowser.xaml.cpp">
      <Filter>Source Files</Filter>
    </ClCompile>
    <ClCompile Include="RenderHost.cpp">
      <Filter>Source Files</Filter>
    </ClCompile>
    <ClCompile Include="WinOSIntegration.cpp">
      <Filter>Source Files</Filter>
    </ClCompile>
  </ItemGroup>
  <ItemGroup>
    <ClInclude Include="App.xaml.h">
      <Filter>Header Files</Filter>
    </ClInclude>
    <ClInclude Include="MainWindow.xaml.h">
      <Filter>Header Files</Filter>
    </ClInclude>
    <ClInclude Include="WelcomeWindow.xaml.h">
      <Filter>Header Files</Filter>
    </ClInclude>
    <ClInclude Include="SettingsWindow.xaml.h">
      <Filter>Header Files</Filter>
    </ClInclude>
    <ClInclude Include="RcloneBrowser.xaml.h">
      <Filter>Header Files</Filter>
    </ClInclude>
    <ClInclude Include="RenderHost.h">
      <Filter>Header Files</Filter>
    </ClInclude>
    <ClInclude Include="WinOSIntegration.h">
      <Filter>Header Files</Filter>
    </ClInclude>
  </ItemGroup>
  <ItemGroup>
    <ApplicationDefinition Include="App.xaml">
      <Filter>XAML Pages</Filter>
    </ApplicationDefinition>
  </ItemGroup>
  <ItemGroup>
    <Page Include="MainWindow.xaml">
      <Filter>XAML Pages</Filter>
    </Page>
    <Page Include="WelcomeWindow.xaml">
      <Filter>XAML Pages</Filter>
    </Page>
    <Page Include="SettingsWindow.xaml">
      <Filter>XAML Pages</Filter>
    </Page>
    <Page Include="RcloneBrowser.xaml">
      <Filter>XAML Pages</Filter>
    </Page>
  </ItemGroup>
  <ItemGroup>
    <Midl Include="App.idl">
      <Filter>Source Files</Filter>
    </Midl>
    <Midl Include="MainWindow.idl">
      <Filter>Source Files</Filter>
    </Midl>
    <Midl Include="WelcomeWindow.idl">
      <Filter>Source Files</Filter>
    </Midl>
    <Midl Include="SettingsWindow.idl">
      <Filter>Source Files</Filter>
    </Midl>
    <Midl Include="RcloneBrowser.idl">
      <Filter>Source Files</Filter>
    </Midl>
  </ItemGroup>
</Project>
